// !$*UTF8*$!
{
	archiveVersion = 1;
	classes = {
	};
	objectVersion = 55;
	objects = {

/* Begin PBXBuildFile section */
		990F84ED279704EE00F1DB84 /* TrekrMultiPlaformApp.swift in Sources */ = {isa = PBXBuildFile; fileRef = 990F84DD279704E700F1DB84 /* TrekrMultiPlaformApp.swift */; };
		990F84EE279704EE00F1DB84 /* TrekrMultiPlaformApp.swift in Sources */ = {isa = PBXBuildFile; fileRef = 990F84DD279704E700F1DB84 /* TrekrMultiPlaformApp.swift */; };
		990F84F1279704EE00F1DB84 /* Assets.xcassets in Resources */ = {isa = PBXBuildFile; fileRef = 990F84DF279704EE00F1DB84 /* Assets.xcassets */; };
		990F84F2279704EE00F1DB84 /* Assets.xcassets in Resources */ = {isa = PBXBuildFile; fileRef = 990F84DF279704EE00F1DB84 /* Assets.xcassets */; };
		990F84FF279708B600F1DB84 /* tips.json in Resources */ = {isa = PBXBuildFile; fileRef = 990F84FD279708B600F1DB84 /* tips.json */; };
		990F8500279708B600F1DB84 /* tips.json in Resources */ = {isa = PBXBuildFile; fileRef = 990F84FD279708B600F1DB84 /* tips.json */; };
		990F8501279708B600F1DB84 /* locations.json in Resources */ = {isa = PBXBuildFile; fileRef = 990F84FE279708B600F1DB84 /* locations.json */; };
		990F8502279708B600F1DB84 /* locations.json in Resources */ = {isa = PBXBuildFile; fileRef = 990F84FE279708B600F1DB84 /* locations.json */; };
		990F8504279709E000F1DB84 /* Location.swift in Sources */ = {isa = PBXBuildFile; fileRef = 990F8503279709E000F1DB84 /* Location.swift */; };
		990F8505279709E000F1DB84 /* Location.swift in Sources */ = {isa = PBXBuildFile; fileRef = 990F8503279709E000F1DB84 /* Location.swift */; };
		990F850727970BD300F1DB84 /* LocationDetail.swift in Sources */ = {isa = PBXBuildFile; fileRef = 990F850627970BD300F1DB84 /* LocationDetail.swift */; };
		990F850827970BD300F1DB84 /* LocationDetail.swift in Sources */ = {isa = PBXBuildFile; fileRef = 990F850627970BD300F1DB84 /* LocationDetail.swift */; };
		990F850A2798619D00F1DB84 /* LocationStore.swift in Sources */ = {isa = PBXBuildFile; fileRef = 990F85092798619D00F1DB84 /* LocationStore.swift */; };
		990F850B2798619D00F1DB84 /* LocationStore.swift in Sources */ = {isa = PBXBuildFile; fileRef = 990F85092798619D00F1DB84 /* LocationStore.swift */; };
/* End PBXBuildFile section */

/* Begin PBXFileReference section */
		990F84DD279704E700F1DB84 /* TrekrMultiPlaformApp.swift */ = {isa = PBXFileReference; lastKnownFileType = sourcecode.swift; path = TrekrMultiPlaformApp.swift; sourceTree = "<group>"; };
		990F84DF279704EE00F1DB84 /* Assets.xcassets */ = {isa = PBXFileReference; lastKnownFileType = folder.assetcatalog; path = Assets.xcassets; sourceTree = "<group>"; };
		990F84E4279704EE00F1DB84 /* TrekrMultiPlaform.app */ = {isa = PBXFileReference; explicitFileType = wrapper.application; includeInIndex = 0; path = TrekrMultiPlaform.app; sourceTree = BUILT_PRODUCTS_DIR; };
		990F84EA279704EE00F1DB84 /* TrekrMultiPlaform.app */ = {isa = PBXFileReference; explicitFileType = wrapper.application; includeInIndex = 0; path = TrekrMultiPlaform.app; sourceTree = BUILT_PRODUCTS_DIR; };
		990F84EC279704EE00F1DB84 /* macOS.entitlements */ = {isa = PBXFileReference; lastKnownFileType = text.plist.entitlements; path = macOS.entitlements; sourceTree = "<group>"; };
		990F84FD279708B600F1DB84 /* tips.json */ = {isa = PBXFileReference; fileEncoding = 4; lastKnownFileType = text.json; path = tips.json; sourceTree = "<group>"; };
		990F84FE279708B600F1DB84 /* locations.json */ = {isa = PBXFileReference; fileEncoding = 4; lastKnownFileType = text.json; path = locations.json; sourceTree = "<group>"; };
		990F8503279709E000F1DB84 /* Location.swift */ = {isa = PBXFileReference; lastKnownFileType = sourcecode.swift; path = Location.swift; sourceTree = "<group>"; };
		990F850627970BD300F1DB84 /* LocationDetail.swift */ = {isa = PBXFileReference; lastKnownFileType = sourcecode.swift; path = LocationDetail.swift; sourceTree = "<group>"; };
		990F85092798619D00F1DB84 /* LocationStore.swift */ = {isa = PBXFileReference; lastKnownFileType = sourcecode.swift; path = LocationStore.swift; sourceTree = "<group>"; };
/* End PBXFileReference section */

/* Begin PBXFrameworksBuildPhase section */
		990F84E1279704EE00F1DB84 /* Frameworks */ = {
			isa = PBXFrameworksBuildPhase;
			buildActionMask = 2147483647;
			files = (
			);
			runOnlyForDeploymentPostprocessing = 0;
		};
		990F84E7279704EE00F1DB84 /* Frameworks */ = {
			isa = PBXFrameworksBuildPhase;
			buildActionMask = 2147483647;
			files = (
			);
			runOnlyForDeploymentPostprocessing = 0;
		};
/* End PBXFrameworksBuildPhase section */

/* Begin PBXGroup section */
		990F84D7279704E700F1DB84 = {
			isa = PBXGroup;
			children = (
				990F84DC279704E700F1DB84 /* Shared */,
				990F84EB279704EE00F1DB84 /* macOS */,
				990F84E5279704EE00F1DB84 /* Products */,
			);
			sourceTree = "<group>";
		};
		990F84DC279704E700F1DB84 /* Shared */ = {
			isa = PBXGroup;
			children = (
				990F84DD279704E700F1DB84 /* TrekrMultiPlaformApp.swift */,
				990F84FC2797057900F1DB84 /* Model */,
				990F84FB2797056D00F1DB84 /* Views */,
				990F84DF279704EE00F1DB84 /* Assets.xcassets */,
			);
			path = Shared;
			sourceTree = "<group>";
		};
		990F84E5279704EE00F1DB84 /* Products */ = {
			isa = PBXGroup;
			children = (
				990F84E4279704EE00F1DB84 /* TrekrMultiPlaform.app */,
				990F84EA279704EE00F1DB84 /* TrekrMultiPlaform.app */,
			);
			name = Products;
			sourceTree = "<group>";
		};
		990F84EB279704EE00F1DB84 /* macOS */ = {
			isa = PBXGroup;
			children = (
				990F84EC279704EE00F1DB84 /* macOS.entitlements */,
			);
			path = macOS;
			sourceTree = "<group>";
		};
		990F84FB2797056D00F1DB84 /* Views */ = {
			isa = PBXGroup;
			children = (
				990F850627970BD300F1DB84 /* LocationDetail.swift */,
			);
			path = Views;
			sourceTree = "<group>";
		};
		990F84FC2797057900F1DB84 /* Model */ = {
			isa = PBXGroup;
			children = (
				990F84FE279708B600F1DB84 /* locations.json */,
				990F84FD279708B600F1DB84 /* tips.json */,
				990F8503279709E000F1DB84 /* Location.swift */,
				990F85092798619D00F1DB84 /* LocationStore.swift */,
			);
			path = Model;
			sourceTree = "<group>";
		};
/* End PBXGroup section */

/* Begin PBXNativeTarget section */
		990F84E3279704EE00F1DB84 /* TrekrMultiPlaform (iOS) */ = {
			isa = PBXNativeTarget;
			buildConfigurationList = 990F84F5279704EE00F1DB84 /* Build configuration list for PBXNativeTarget "TrekrMultiPlaform (iOS)" */;
			buildPhases = (
				990F84E0279704EE00F1DB84 /* Sources */,
				990F84E1279704EE00F1DB84 /* Frameworks */,
				990F84E2279704EE00F1DB84 /* Resources */,
			);
			buildRules = (
			);
			dependencies = (
			);
			name = "TrekrMultiPlaform (iOS)";
			productName = "TrekrMultiPlaform (iOS)";
			productReference = 990F84E4279704EE00F1DB84 /* TrekrMultiPlaform.app */;
			productType = "com.apple.product-type.application";
		};
		990F84E9279704EE00F1DB84 /* TrekrMultiPlaform (macOS) */ = {
			isa = PBXNativeTarget;
			buildConfigurationList = 990F84F8279704EE00F1DB84 /* Build configuration list for PBXNativeTarget "TrekrMultiPlaform (macOS)" */;
			buildPhases = (
				990F84E6279704EE00F1DB84 /* Sources */,
				990F84E7279704EE00F1DB84 /* Frameworks */,
				990F84E8279704EE00F1DB84 /* Resources */,
			);
			buildRules = (
			);
			dependencies = (
			);
			name = "TrekrMultiPlaform (macOS)";
			productName = "TrekrMultiPlaform (macOS)";
			productReference = 990F84EA279704EE00F1DB84 /* TrekrMultiPlaform.app */;
			productType = "com.apple.product-type.application";
		};
/* End PBXNativeTarget section */

/* Begin PBXProject section */
		990F84D8279704E700F1DB84 /* Project object */ = {
			isa = PBXProject;
			attributes = {
				BuildIndependentTargetsInParallel = 1;
				LastSwiftUpdateCheck = 1320;
				LastUpgradeCheck = 1320;
				TargetAttributes = {
					990F84E3279704EE00F1DB84 = {
						CreatedOnToolsVersion = 13.2.1;
					};
					990F84E9279704EE00F1DB84 = {
						CreatedOnToolsVersion = 13.2.1;
					};
				};
			};
			buildConfigurationList = 990F84DB279704E700F1DB84 /* Build configuration list for PBXProject "TrekrMultiPlaform" */;
			compatibilityVersion = "Xcode 13.0";
			developmentRegion = en;
			hasScannedForEncodings = 0;
			knownRegions = (
				en,
				Base,
			);
			mainGroup = 990F84D7279704E700F1DB84;
			productRefGroup = 990F84E5279704EE00F1DB84 /* Products */;
			projectDirPath = "";
			projectRoot = "";
			targets = (
				990F84E3279704EE00F1DB84 /* TrekrMultiPlaform (iOS) */,
				990F84E9279704EE00F1DB84 /* TrekrMultiPlaform (macOS) */,
			);
		};
/* End PBXProject section */

/* Begin PBXResourcesBuildPhase section */
		990F84E2279704EE00F1DB84 /* Resources */ = {
			isa = PBXResourcesBuildPhase;
			buildActionMask = 2147483647;
			files = (
				990F84F1279704EE00F1DB84 /* Assets.xcassets in Resources */,
				990F8501279708B600F1DB84 /* locations.json in Resources */,
				990F84FF279708B600F1DB84 /* tips.json in Resources */,
			);
			runOnlyForDeploymentPostprocessing = 0;
		};
		990F84E8279704EE00F1DB84 /* Resources */ = {
			isa = PBXResourcesBuildPhase;
			buildActionMask = 2147483647;
			files = (
				990F84F2279704EE00F1DB84 /* Assets.xcassets in Resources */,
				990F8502279708B600F1DB84 /* locations.json in Resources */,
				990F8500279708B600F1DB84 /* tips.json in Resources */,
			);
			runOnlyForDeploymentPostprocessing = 0;
		};
/* End PBXResourcesBuildPhase section */

/* Begin PBXSourcesBuildPhase section */
		990F84E0279704EE00F1DB84 /* Sources */ = {
			isa = PBXSourcesBuildPhase;
			buildActionMask = 2147483647;
			files = (
				990F850A2798619D00F1DB84 /* LocationStore.swift in Sources */,
				990F8504279709E000F1DB84 /* Location.swift in Sources */,
				990F84ED279704EE00F1DB84 /* TrekrMultiPlaformApp.swift in Sources */,
				990F850727970BD300F1DB84 /* LocationDetail.swift in Sources */,
			);
			runOnlyForDeploymentPostprocessing = 0;
		};
		990F84E6279704EE00F1DB84 /* Sources */ = {
			isa = PBXSourcesBuildPhase;
			buildActionMask = 2147483647;
			files = (
				990F850B2798619D00F1DB84 /* LocationStore.swift in Sources */,
				990F8505279709E000F1DB84 /* Location.swift in Sources */,
				990F84EE279704EE00F1DB84 /* TrekrMultiPlaformApp.swift in Sources */,
				990F850827970BD300F1DB84 /* LocationDetail.swift in Sources */,
			);
			runOnlyForDeploymentPostprocessing = 0;
		};
/* End PBXSourcesBuildPhase section */

/* Begin XCBuildConfiguration section */
		990F84F3279704EE00F1DB84 /* Debug */ = {
			isa = XCBuildConfiguration;
			buildSettings = {
				ALWAYS_SEARCH_USER_PATHS = NO;
				CLANG_ANALYZER_NONNULL = YES;
				CLANG_ANALYZER_NUMBER_OBJECT_CONVERSION = YES_AGGRESSIVE;
				CLANG_CXX_LANGUAGE_STANDARD = "gnu++17";
				CLANG_CXX_LIBRARY = "libc++";
				CLANG_ENABLE_MODULES = YES;
				CLANG_ENABLE_OBJC_ARC = YES;
				CLANG_ENABLE_OBJC_WEAK = YES;
				CLANG_WARN_BLOCK_CAPTURE_AUTORELEASING = YES;
				CLANG_WARN_BOOL_CONVERSION = YES;
				CLANG_WARN_COMMA = YES;
				CLANG_WARN_CONSTANT_CONVERSION = YES;
				CLANG_WARN_DEPRECATED_OBJC_IMPLEMENTATIONS = YES;
				CLANG_WARN_DIRECT_OBJC_ISA_USAGE = YES_ERROR;
				CLANG_WARN_DOCUMENTATION_COMMENTS = YES;
				CLANG_WARN_EMPTY_BODY = YES;
				CLANG_WARN_ENUM_CONVERSION = YES;
				CLANG_WARN_INFINITE_RECURSION = YES;
				CLANG_WARN_INT_CONVERSION = YES;
				CLANG_WARN_NON_LITERAL_NULL_CONVERSION = YES;
				CLANG_WARN_OBJC_IMPLICIT_RETAIN_SELF = YES;
				CLANG_WARN_OBJC_LITERAL_CONVERSION = YES;
				CLANG_WARN_OBJC_ROOT_CLASS = YES_ERROR;
				CLANG_WARN_QUOTED_INCLUDE_IN_FRAMEWORK_HEADER = YES;
				CLANG_WARN_RANGE_LOOP_ANALYSIS = YES;
				CLANG_WARN_STRICT_PROTOTYPES = YES;
				CLANG_WARN_SUSPICIOUS_MOVE = YES;
				CLANG_WARN_UNGUARDED_AVAILABILITY = YES_AGGRESSIVE;
				CLANG_WARN_UNREACHABLE_CODE = YES;
				CLANG_WARN__DUPLICATE_METHOD_MATCH = YES;
				COPY_PHASE_STRIP = NO;
				DEBUG_INFORMATION_FORMAT = dwarf;
				ENABLE_STRICT_OBJC_MSGSEND = YES;
				ENABLE_TESTABILITY = YES;
				GCC_C_LANGUAGE_STANDARD = gnu11;
				GCC_DYNAMIC_NO_PIC = NO;
				GCC_NO_COMMON_BLOCKS = YES;
				GCC_OPTIMIZATION_LEVEL = 0;
				GCC_PREPROCESSOR_DEFINITIONS = (
					"DEBUG=1",
					"$(inherited)",
				);
				GCC_WARN_64_TO_32_BIT_CONVERSION = YES;
				GCC_WARN_ABOUT_RETURN_TYPE = YES_ERROR;
				GCC_WARN_UNDECLARED_SELECTOR = YES;
				GCC_WARN_UNINITIALIZED_AUTOS = YES_AGGRESSIVE;
				GCC_WARN_UNUSED_FUNCTION = YES;
				GCC_WARN_UNUSED_VARIABLE = YES;
				MTL_ENABLE_DEBUG_INFO = INCLUDE_SOURCE;
				MTL_FAST_MATH = YES;
				ONLY_ACTIVE_ARCH = YES;
				SWIFT_ACTIVE_COMPILATION_CONDITIONS = DEBUG;
				SWIFT_OPTIMIZATION_LEVEL = "-Onone";
			};
			name = Debug;
		};
		990F84F4279704EE00F1DB84 /* Release */ = {
			isa = XCBuildConfiguration;
			buildSettings = {
				ALWAYS_SEARCH_USER_PATHS = NO;
				CLANG_ANALYZER_NONNULL = YES;
				CLANG_ANALYZER_NUMBER_OBJECT_CONVERSION = YES_AGGRESSIVE;
				CLANG_CXX_LANGUAGE_STANDARD = "gnu++17";
				CLANG_CXX_LIBRARY = "libc++";
				CLANG_ENABLE_MODULES = YES;
				CLANG_ENABLE_OBJC_ARC = YES;
				CLANG_ENABLE_OBJC_WEAK = YES;
				CLANG_WARN_BLOCK_CAPTURE_AUTORELEASING = YES;
				CLANG_WARN_BOOL_CONVERSION = YES;
				CLANG_WARN_COMMA = YES;
				CLANG_WARN_CONSTANT_CONVERSION = YES;
				CLANG_WARN_DEPRECATED_OBJC_IMPLEMENTATIONS = YES;
				CLANG_WARN_DIRECT_OBJC_ISA_USAGE = YES_ERROR;
				CLANG_WARN_DOCUMENTATION_COMMENTS = YES;
				CLANG_WARN_EMPTY_BODY = YES;
				CLANG_WARN_ENUM_CONVERSION = YES;
				CLANG_WARN_INFINITE_RECURSION = YES;
				CLANG_WARN_INT_CONVERSION = YES;
				CLANG_WARN_NON_LITERAL_NULL_CONVERSION = YES;
				CLANG_WARN_OBJC_IMPLICIT_RETAIN_SELF = YES;
				CLANG_WARN_OBJC_LITERAL_CONVERSION = YES;
				CLANG_WARN_OBJC_ROOT_CLASS = YES_ERROR;
				CLANG_WARN_QUOTED_INCLUDE_IN_FRAMEWORK_HEADER = YES;
				CLANG_WARN_RANGE_LOOP_ANALYSIS = YES;
				CLANG_WARN_STRICT_PROTOTYPES = YES;
				CLANG_WARN_SUSPICIOUS_MOVE = YES;
				CLANG_WARN_UNGUARDED_AVAILABILITY = YES_AGGRESSIVE;
				CLANG_WARN_UNREACHABLE_CODE = YES;
				CLANG_WARN__DUPLICATE_METHOD_MATCH = YES;
				COPY_PHASE_STRIP = NO;
				DEBUG_INFORMATION_FORMAT = "dwarf-with-dsym";
				ENABLE_NS_ASSERTIONS = NO;
				ENABLE_STRICT_OBJC_MSGSEND = YES;
				GCC_C_LANGUAGE_STANDARD = gnu11;
				GCC_NO_COMMON_BLOCKS = YES;
				GCC_WARN_64_TO_32_BIT_CONVERSION = YES;
				GCC_WARN_ABOUT_RETURN_TYPE = YES_ERROR;
				GCC_WARN_UNDECLARED_SELECTOR = YES;
				GCC_WARN_UNINITIALIZED_AUTOS = YES_AGGRESSIVE;
				GCC_WARN_UNUSED_FUNCTION = YES;
				GCC_WARN_UNUSED_VARIABLE = YES;
				MTL_ENABLE_DEBUG_INFO = NO;
				MTL_FAST_MATH = YES;
				SWIFT_COMPILATION_MODE = wholemodule;
				SWIFT_OPTIMIZATION_LEVEL = "-O";
			};
			name = Release;
		};
		990F84F6279704EE00F1DB84 /* Debug */ = {
			isa = XCBuildConfiguration;
			buildSettings = {
				ASSETCATALOG_COMPILER_APPICON_NAME = AppIcon;
				ASSETCATALOG_COMPILER_GLOBAL_ACCENT_COLOR_NAME = AccentColor;
				CODE_SIGN_STYLE = Automatic;
				CURRENT_PROJECT_VERSION = 1;
				DEVELOPMENT_TEAM = MGUV4A48R3;
				ENABLE_PREVIEWS = YES;
				GENERATE_INFOPLIST_FILE = YES;
				INFOPLIST_KEY_UIApplicationSceneManifest_Generation = YES;
				INFOPLIST_KEY_UIApplicationSupportsIndirectInputEvents = YES;
				INFOPLIST_KEY_UILaunchScreen_Generation = YES;
				INFOPLIST_KEY_UISupportedInterfaceOrientations_iPad = "UIInterfaceOrientationPortrait UIInterfaceOrientationPortraitUpsideDown UIInterfaceOrientationLandscapeLeft UIInterfaceOrientationLandscapeRight";
				INFOPLIST_KEY_UISupportedInterfaceOrientations_iPhone = "UIInterfaceOrientationPortrait UIInterfaceOrientationLandscapeLeft UIInterfaceOrientationLandscapeRight";
				IPHONEOS_DEPLOYMENT_TARGET = 15.2;
				LD_RUNPATH_SEARCH_PATHS = (
					"$(inherited)",
					"@executable_path/Frameworks",
				);
				MARKETING_VERSION = 1.0;
				PRODUCT_BUNDLE_IDENTIFIER = ca.emilyliang.TrekrMultiPlaform;
				PRODUCT_NAME = TrekrMultiPlaform;
				SDKROOT = iphoneos;
				SWIFT_EMIT_LOC_STRINGS = YES;
				SWIFT_VERSION = 5.0;
				TARGETED_DEVICE_FAMILY = "1,2";
			};
			name = Debug;
		};
		990F84F7279704EE00F1DB84 /* Release */ = {
			isa = XCBuildConfiguration;
			buildSettings = {
				ASSETCATALOG_COMPILER_APPICON_NAME = AppIcon;
				ASSETCATALOG_COMPILER_GLOBAL_ACCENT_COLOR_NAME = AccentColor;
				CODE_SIGN_STYLE = Automatic;
				CURRENT_PROJECT_VERSION = 1;
				DEVELOPMENT_TEAM = MGUV4A48R3;
				ENABLE_PREVIEWS = YES;
				GENERATE_INFOPLIST_FILE = YES;
				INFOPLIST_KEY_UIApplicationSceneManifest_Generation = YES;
				INFOPLIST_KEY_UIApplicationSupportsIndirectInputEvents = YES;
				INFOPLIST_KEY_UILaunchScreen_Generation = YES;
				INFOPLIST_KEY_UISupportedInterfaceOrientations_iPad = "UIInterfaceOrientationPortrait UIInterfaceOrientationPortraitUpsideDown UIInterfaceOrientationLandscapeLeft UIInterfaceOrientationLandscapeRight";
				INFOPLIST_KEY_UISupportedInterfaceOrientations_iPhone = "UIInterfaceOrientationPortrait UIInterfaceOrientationLandscapeLeft UIInterfaceOrientationLandscapeRight";
				IPHONEOS_DEPLOYMENT_TARGET = 15.2;
				LD_RUNPATH_SEARCH_PATHS = (
					"$(inherited)",
					"@executable_path/Frameworks",
				);
				MARKETING_VERSION = 1.0;
				PRODUCT_BUNDLE_IDENTIFIER = ca.emilyliang.TrekrMultiPlaform;
				PRODUCT_NAME = TrekrMultiPlaform;
				SDKROOT = iphoneos;
				SWIFT_EMIT_LOC_STRINGS = YES;
				SWIFT_VERSION = 5.0;
				TARGETED_DEVICE_FAMILY = "1,2";
				VALIDATE_PRODUCT = YES;
			};
			name = Release;
		};
		990F84F9279704EE00F1DB84 /* Debug */ = {
			isa = XCBuildConfiguration;
			buildSettings = {
				ASSETCATALOG_COMPILER_APPICON_NAME = AppIcon;
				ASSETCATALOG_COMPILER_GLOBAL_ACCENT_COLOR_NAME = AccentColor;
				CODE_SIGN_ENTITLEMENTS = macOS/macOS.entitlements;
				CODE_SIGN_STYLE = Automatic;
				COMBINE_HIDPI_IMAGES = YES;
				CURRENT_PROJECT_VERSION = 1;
				DEVELOPMENT_TEAM = MGUV4A48R3;
				ENABLE_HARDENED_RUNTIME = YES;
				ENABLE_PREVIEWS = YES;
				GENERATE_INFOPLIST_FILE = YES;
				INFOPLIST_KEY_NSHumanReadableCopyright = "";
				LD_RUNPATH_SEARCH_PATHS = (
					"$(inherited)",
					"@executable_path/../Frameworks",
				);
				MACOSX_DEPLOYMENT_TARGET = 12.1;
				MARKETING_VERSION = 1.0;
				PRODUCT_BUNDLE_IDENTIFIER = ca.emilyliang.TrekrMultiPlaform;
				PRODUCT_NAME = TrekrMultiPlaform;
				SDKROOT = macosx;
				SWIFT_EMIT_LOC_STRINGS = YES;
				SWIFT_VERSION = 5.0;
			};
			name = Debug;
		};
		990F84FA279704EE00F1DB84 /* Release */ = {
			isa = XCBuildConfiguration;
			buildSettings = {
				ASSETCATALOG_COMPILER_APPICON_NAME = AppIcon;
				ASSETCATALOG_COMPILER_GLOBAL_ACCENT_COLOR_NAME = AccentColor;
				CODE_SIGN_ENTITLEMENTS = macOS/macOS.entitlements;
				CODE_SIGN_STYLE = Automatic;
				COMBINE_HIDPI_IMAGES = YES;
				CURRENT_PROJECT_VERSION = 1;
				DEVELOPMENT_TEAM = MGUV4A48R3;
				ENABLE_HARDENED_RUNTIME = YES;
				ENABLE_PREVIEWS = YES;
				GENERATE_INFOPLIST_FILE = YES;
				INFOPLIST_KEY_NSHumanReadableCopyright = "";
				LD_RUNPATH_SEARCH_PATHS = (
					"$(inherited)",
					"@executable_path/../Frameworks",
				);
				MACOSX_DEPLOYMENT_TARGET = 12.1;
				MARKETING_VERSION = 1.0;
				PRODUCT_BUNDLE_IDENTIFIER = ca.emilyliang.TrekrMultiPlaform;
				PRODUCT_NAME = TrekrMultiPlaform;
				SDKROOT = macosx;
				SWIFT_EMIT_LOC_STRINGS = YES;
				SWIFT_VERSION = 5.0;
			};
			name = Release;
		};
/* End XCBuildConfiguration section */

/* Begin XCConfigurationList section */
		990F84DB279704E700F1DB84 /* Build configuration list for PBXProject "TrekrMultiPlaform" */ = {
			isa = XCConfigurationList;
			buildConfigurations = (
				990F84F3279704EE00F1DB84 /* Debug */,
				990F84F4279704EE00F1DB84 /* Release */,
			);
			defaultConfigurationIsVisible = 0;
			defaultConfigurationName = Release;
		};
		990F84F5279704EE00F1DB84 /* Build configuration list for PBXNativeTarget "TrekrMultiPlaform (iOS)" */ = {
			isa = XCConfigurationList;
			buildConfigurations = (
				990F84F6279704EE00F1DB84 /* Debug */,
				990F84F7279704EE00F1DB84 /* Release */,
			);
			defaultConfigurationIsVisible = 0;
			defaultConfigurationName = Release;
		};
		990F84F8279704EE00F1DB84 /* Build configuration list for PBXNativeTarget "TrekrMultiPlaform (macOS)" */ = {
			isa = XCConfigurationList;
			buildConfigurations = (
				990F84F9279704EE00F1DB84 /* Debug */,
				990F84FA279704EE00F1DB84 /* Release */,
			);
			defaultConfigurationIsVisible = 0;
			defaultConfigurationName = Release;
		};
/* End XCConfigurationList section */
	};
	rootObject = 990F84D8279704E700F1DB84 /* Project object */;
}
